<?xml version="1.0" encoding="utf-8"?>
<Project ToolsVersion="4.0" xmlns="http://schemas.microsoft.com/developer/msbuild/2003">
  <ItemGroup>
    <ClCompile Include="..\source\libs\glad\glad.c" />
    <ClCompile Include="..\source\libs\imgui\imgui.cpp" />
    <ClCompile Include="..\source\libs\imgui\imgui_demo.cpp" />
    <ClCompile Include="..\source\libs\imgui\imgui_draw.cpp" />
    <ClCompile Include="..\source\libs\imgui\imgui_impl_glfw.cpp" />
    <ClCompile Include="..\source\libs\imgui\imgui_impl_sdl2.cpp" />
    <ClCompile Include="..\source\libs\imgui\imgui_tables.cpp" />
    <ClCompile Include="..\source\libs\imgui\imgui_widgets.cpp" />
    <ClCompile Include="..\source\nucledian\aabb.cpp" />
    <ClCompile Include="..\source\nucledian\engine\core\engine.cpp" />
    <ClCompile Include="..\source\nucledian\engine\graphics\debug_camera.cpp" />
    <ClCompile Include="..\source\nucledian\engine\graphics\gizmo.cpp" />
    <ClCompile Include="..\source\nucledian\engine\graphics\graphics_system.cpp" />
    <ClCompile Include="..\source\nucledian\engine\graphics\resources\material.cpp" />
    <ClCompile Include="..\source\nucledian\engine\graphics\resources\mesh.cpp" />
    <ClCompile Include="..\source\nucledian\engine\input\input_system.cpp" />
    <ClCompile Include="..\source\nucledian\engine\map\map_system.cpp" />
    <ClCompile Include="..\source\nucledian\grid.cpp" />
    <ClCompile Include="..\source\nucledian\intersect.cpp" />
    <ClCompile Include="..\source\nucledian\main.cpp" />
    <ClCompile Include="..\source\nucledian\maths.cpp" />
    <ClCompile Include="..\source\nucledian\temp_math.cpp" />
    <ClCompile Include="..\source\nucledian\vector_maths.cpp" />
    <ClCompile Include="..\source\nucledian\vector_maths_non_sse.cpp" />
    <ClCompile Include="..\source\nucledian\vector_maths_sse.cpp" />
    <ClCompile Include="..\source\nucledian\math_benchmarks.cpp" />
    <ClCompile Include="..\source\nucledian\vec.cpp" />
    <ClCompile Include="..\source\nucledian\engine\graphics\resources\model.cpp" />
  </ItemGroup>
  <ItemGroup>
    <ClInclude Include="..\source\nucledian\engine\core\resources.inl" />
    <ClInclude Include="..\source\libs\glad\glad.h" />
    <ClInclude Include="..\source\libs\glad\khrplatform.h" />
    <ClInclude Include="..\source\libs\imgui\imconfig.h" />
    <ClInclude Include="..\source\libs\imgui\imgui.h" />
    <ClInclude Include="..\source\libs\imgui\imgui_impl_glfw.h" />
    <ClInclude Include="..\source\libs\imgui\imgui_impl_sdl2.h" />
    <ClInclude Include="..\source\libs\imgui\imgui_internal.h" />
    <ClInclude Include="..\source\libs\imgui\imstb_rectpack.h" />
    <ClInclude Include="..\source\libs\imgui\imstb_textedit.h" />
    <ClInclude Include="..\source\libs\imgui\imstb_truetype.h" />
    <ClInclude Include="..\source\nucledian\aabb.h" />
    <ClInclude Include="..\source\nucledian\base_vec.h" />
    <ClInclude Include="..\source\nucledian\common.h" />
    <ClInclude Include="..\source\nucledian\config.h" />
    <ClInclude Include="..\source\nucledian\engine\core\engine.h" />
    <ClInclude Include="..\source\nucledian\engine\core\engine_module.h" />
    <ClInclude Include="..\source\nucledian\engine\core\engine_module_id.h" />
    <ClInclude Include="..\source\nucledian\engine\core\engine_module_types.h" />
    <ClInclude Include="..\source\nucledian\engine\core\event_journal.h" />
    <ClInclude Include="..\source\nucledian\engine\core\is_engine_module.h" />
    <ClInclude Include="..\source\nucledian\engine\core\module_event.h" />
    <ClInclude Include="..\source\nucledian\engine\core\resources.h" />
    <ClInclude Include="..\source\nucledian\engine\graphics\debug_camera.h" />
    <ClInclude Include="..\source\nucledian\engine\graphics\gizmo.h" />
    <ClInclude Include="..\source\nucledian\engine\graphics\graphics_system.h" />
    <ClInclude Include="..\source\nucledian\engine\graphics\resources\material.h" />
    <ClInclude Include="..\source\nucledian\engine\graphics\resources\mesh.h" />
    <ClInclude Include="..\source\nucledian\engine\graphics\shaders\shaders.h" />
    <ClInclude Include="..\source\nucledian\engine\input\game_input.h" />
    <ClInclude Include="..\source\nucledian\engine\input\input_system.h" />
    <ClInclude Include="..\source\nucledian\engine\map\map_system.h" />
    <ClInclude Include="..\source\nucledian\grid.h" />
    <ClInclude Include="..\source\nucledian\intersect.h" />
    <ClInclude Include="..\source\nucledian\maths.h" />
    <ClInclude Include="..\source\nucledian\temp_math.h" />
    <ClInclude Include="..\source\nucledian\vector_maths.h" />
    <ClInclude Include="..\source\nucledian\vector_maths_declarations.h" />
    <ClInclude Include="..\source\nucledian\vector_maths_instantiations.h" />
    <ClInclude Include="..\source\nucledian\sse.h" />
    <ClInclude Include="..\source\nucledian\types.h" />
    <ClInclude Include="..\source\nucledian\vec.h" />
    <ClInclude Include="..\source\nucledian\engine\graphics\resources\model.h" />
    <ClInclude Include="..\source\nucledian\engine\graphics\resources\res_lifetime.h" />
    <ClInclude Include="..\source\nucledian\engine\graphics\primitive_models.h" />
  </ItemGroup>
  <ItemGroup>
    <None Include="..\source\nucledian\engine\core\engine.inl" />
    <None Include="..\source\nucledian\engine\graphics\resources\material.inl" />
    <None Include="..\source\nucledian\temp_math.inl" />
    <None Include="..\source\nucledian\vec.inl" />
    <None Include="..\source\nucledian\engine\graphics\resources\mesh.inl" />
    <None Include="..\source\nucledian\engine\graphics\resources\model.inl" />
    <None Include="..\source\nucledian\engine\graphics\shaders\gizmo.frag" />
    <None Include="..\source\nucledian\engine\graphics\shaders\gizmo.vert" />
    <None Include="..\source\nucledian\engine\graphics\render_component.inl" />
  </ItemGroup>
</Project>